
Microsoft Visual Studio Solution File, Format Version 12.00
# Visual Studio 15
VisualStudioVersion = 15.0.27004.2010
MinimumVisualStudioVersion = 10.0.40219.1
Project("{FAE04EC0-301F-11D3-BF4B-00C04F79EFBC}") = "MonitoringSystemApp.Android", "MonitoringSystemApp\MonitoringSystemApp.Android\MonitoringSystemApp.Android.csproj", "{5FB88C76-2765-4B03-A055-2AE4F547D36B}"
EndProject
Project("{FAE04EC0-301F-11D3-BF4B-00C04F79EFBC}") = "MonitoringSystemApp", "MonitoringSystemApp\MonitoringSystemApp\MonitoringSystemApp.csproj", "{C39E04DF-2A32-4066-9CFA-5AE7D76EFB8F}"
EndProject
Project("{FAE04EC0-301F-11D3-BF4B-00C04F79EFBC}") = "MonitoringSystemApp.UWP", "MonitoringSystemApp\MonitoringSystemApp.UWP\MonitoringSystemApp.UWP.csproj", "{1785F9E9-7F96-43E8-AE98-BBF1C606C00B}"
EndProject
Project("{FAE04EC0-301F-11D3-BF4B-00C04F79EFBC}") = "MonitoringSystemApp.iOS", "MonitoringSystemApp\MonitoringSystemApp.iOS\MonitoringSystemApp.iOS.csproj", "{3F2F3597-EBFB-44F4-A099-BE9C30544A9B}"
EndProject
Global
	GlobalSection(SolutionConfigurationPlatforms) = preSolution
		Ad-Hoc|Any CPU = Ad-Hoc|Any CPU
		Ad-Hoc|ARM = Ad-Hoc|ARM
		Ad-Hoc|iPhone = Ad-Hoc|iPhone
		Ad-Hoc|iPhoneSimulator = Ad-Hoc|iPhoneSimulator
		Ad-Hoc|x64 = Ad-Hoc|x64
		Ad-Hoc|x86 = Ad-Hoc|x86
		AppStore|Any CPU = AppStore|Any CPU
		AppStore|ARM = AppStore|ARM
		AppStore|iPhone = AppStore|iPhone
		AppStore|iPhoneSimulator = AppStore|iPhoneSimulator
		AppStore|x64 = AppStore|x64
		AppStore|x86 = AppStore|x86
		Debug|Any CPU = Debug|Any CPU
		Debug|ARM = Debug|ARM
		Debug|iPhone = Debug|iPhone
		Debug|iPhoneSimulator = Debug|iPhoneSimulator
		Debug|x64 = Debug|x64
		Debug|x86 = Debug|x86
		Release|Any CPU = Release|Any CPU
		Release|ARM = Release|ARM
		Release|iPhone = Release|iPhone
		Release|iPhoneSimulator = Release|iPhoneSimulator
		Release|x64 = Release|x64
		Release|x86 = Release|x86
	EndGlobalSection
	GlobalSection(ProjectConfigurationPlatforms) = postSolution
		{5FB88C76-2765-4B03-A055-2AE4F547D36B}.Ad-Hoc|Any CPU.ActiveCfg = Release|Any CPU
		{5FB88C76-2765-4B03-A055-2AE4F547D36B}.Ad-Hoc|Any CPU.Build.0 = Release|Any CPU
		{5FB88C76-2765-4B03-A055-2AE4F547D36B}.Ad-Hoc|Any CPU.Deploy.0 = Release|Any CPU
		{5FB88C76-2765-4B03-A055-2AE4F547D36B}.Ad-Hoc|ARM.ActiveCfg = Release|Any CPU
		{5FB88C76-2765-4B03-A055-2AE4F547D36B}.Ad-Hoc|ARM.Build.0 = Release|Any CPU
		{5FB88C76-2765-4B03-A055-2AE4F547D36B}.Ad-Hoc|ARM.Deploy.0 = Release|Any CPU
		{5FB88C76-2765-4B03-A055-2AE4F547D36B}.Ad-Hoc|iPhone.ActiveCfg = Release|Any CPU
		{5FB88C76-2765-4B03-A055-2AE4F547D36B}.Ad-Hoc|iPhone.Build.0 = Release|Any CPU
		{5FB88C76-2765-4B03-A055-2AE4F547D36B}.Ad-Hoc|iPhone.Deploy.0 = Release|Any CPU
		{5FB88C76-2765-4B03-A055-2AE4F547D36B}.Ad-Hoc|iPhoneSimulator.ActiveCfg = Release|Any CPU
		{5FB88C76-2765-4B03-A055-2AE4F547D36B}.Ad-Hoc|iPhoneSimulator.Build.0 = Release|Any CPU
		{5FB88C76-2765-4B03-A055-2AE4F547D36B}.Ad-Hoc|iPhoneSimulator.Deploy.0 = Release|Any CPU
		{5FB88C76-2765-4B03-A055-2AE4F547D36B}.Ad-Hoc|x64.ActiveCfg = Release|Any CPU
		{5FB88C76-2765-4B03-A055-2AE4F547D36B}.Ad-Hoc|x64.Build.0 = Release|Any CPU
		{5FB88C76-2765-4B03-A055-2AE4F547D36B}.Ad-Hoc|x64.Deploy.0 = Release|Any CPU
		{5FB88C76-2765-4B03-A055-2AE4F547D36B}.Ad-Hoc|x86.ActiveCfg = Release|Any CPU
		{5FB88C76-2765-4B03-A055-2AE4F547D36B}.Ad-Hoc|x86.Build.0 = Release|Any CPU
		{5FB88C76-2765-4B03-A055-2AE4F547D36B}.Ad-Hoc|x86.Deploy.0 = Release|Any CPU
		{5FB88C76-2765-4B03-A055-2AE4F547D36B}.AppStore|Any CPU.ActiveCfg = Release|Any CPU
		{5FB88C76-2765-4B03-A055-2AE4F547D36B}.AppStore|Any CPU.Build.0 = Release|Any CPU
		{5FB88C76-2765-4B03-A055-2AE4F547D36B}.AppStore|Any CPU.Deploy.0 = Release|Any CPU
		{5FB88C76-2765-4B03-A055-2AE4F547D36B}.AppStore|ARM.ActiveCfg = Release|Any CPU
		{5FB88C76-2765-4B03-A055-2AE4F547D36B}.AppStore|ARM.Build.0 = Release|Any CPU
		{5FB88C76-2765-4B03-A055-2AE4F547D36B}.AppStore|ARM.Deploy.0 = Release|Any CPU
		{5FB88C76-2765-4B03-A055-2AE4F547D36B}.AppStore|iPhone.ActiveCfg = Release|Any CPU
		{5FB88C76-2765-4B03-A055-2AE4F547D36B}.AppStore|iPhone.Build.0 = Release|Any CPU
		{5FB88C76-2765-4B03-A055-2AE4F547D36B}.AppStore|iPhone.Deploy.0 = Release|Any CPU
		{5FB88C76-2765-4B03-A055-2AE4F547D36B}.AppStore|iPhoneSimulator.ActiveCfg = Release|Any CPU
		{5FB88C76-2765-4B03-A055-2AE4F547D36B}.AppStore|iPhoneSimulator.Build.0 = Release|Any CPU
		{5FB88C76-2765-4B03-A055-2AE4F547D36B}.AppStore|iPhoneSimulator.Deploy.0 = Release|Any CPU
		{5FB88C76-2765-4B03-A055-2AE4F547D36B}.AppStore|x64.ActiveCfg = Release|Any CPU
		{5FB88C76-2765-4B03-A055-2AE4F547D36B}.AppStore|x64.Build.0 = Release|Any CPU
		{5FB88C76-2765-4B03-A055-2AE4F547D36B}.AppStore|x64.Deploy.0 = Release|Any CPU
		{5FB88C76-2765-4B03-A055-2AE4F547D36B}.AppStore|x86.ActiveCfg = Release|Any CPU
		{5FB88C76-2765-4B03-A055-2AE4F547D36B}.AppStore|x86.Build.0 = Release|Any CPU
		{5FB88C76-2765-4B03-A055-2AE4F547D36B}.AppStore|x86.Deploy.0 = Release|Any CPU
		{5FB88C76-2765-4B03-A055-2AE4F547D36B}.Debug|Any CPU.ActiveCfg = Debug|Any CPU
		{5FB88C76-2765-4B03-A055-2AE4F547D36B}.Debug|Any CPU.Build.0 = Debug|Any CPU
		{5FB88C76-2765-4B03-A055-2AE4F547D36B}.Debug|Any CPU.Deploy.0 = Debug|Any CPU
		{5FB88C76-2765-4B03-A055-2AE4F547D36B}.Debug|ARM.ActiveCfg = Debug|Any CPU
		{5FB88C76-2765-4B03-A055-2AE4F547D36B}.Debug|ARM.Build.0 = Debug|Any CPU
		{5FB88C76-2765-4B03-A055-2AE4F547D36B}.Debug|ARM.Deploy.0 = Debug|Any CPU
		{5FB88C76-2765-4B03-A055-2AE4F547D36B}.Debug|iPhone.ActiveCfg = Debug|Any CPU
		{5FB88C76-2765-4B03-A055-2AE4F547D36B}.Debug|iPhone.Build.0 = Debug|Any CPU
		{5FB88C76-2765-4B03-A055-2AE4F547D36B}.Debug|iPhone.Deploy.0 = Debug|Any CPU
		{5FB88C76-2765-4B03-A055-2AE4F547D36B}.Debug|iPhoneSimulator.ActiveCfg = Debug|Any CPU
		{5FB88C76-2765-4B03-A055-2AE4F547D36B}.Debug|iPhoneSimulator.Build.0 = Debug|Any CPU
		{5FB88C76-2765-4B03-A055-2AE4F547D36B}.Debug|iPhoneSimulator.Deploy.0 = Debug|Any CPU
		{5FB88C76-2765-4B03-A055-2AE4F547D36B}.Debug|x64.ActiveCfg = Debug|Any CPU
		{5FB88C76-2765-4B03-A055-2AE4F547D36B}.Debug|x64.Build.0 = Debug|Any CPU
		{5FB88C76-2765-4B03-A055-2AE4F547D36B}.Debug|x64.Deploy.0 = Debug|Any CPU
		{5FB88C76-2765-4B03-A055-2AE4F547D36B}.Debug|x86.ActiveCfg = Debug|Any CPU
		{5FB88C76-2765-4B03-A055-2AE4F547D36B}.Debug|x86.Build.0 = Debug|Any CPU
		{5FB88C76-2765-4B03-A055-2AE4F547D36B}.Debug|x86.Deploy.0 = Debug|Any CPU
		{5FB88C76-2765-4B03-A055-2AE4F547D36B}.Release|Any CPU.ActiveCfg = Release|Any CPU
		{5FB88C76-2765-4B03-A055-2AE4F547D36B}.Release|Any CPU.Build.0 = Release|Any CPU
		{5FB88C76-2765-4B03-A055-2AE4F547D36B}.Release|Any CPU.Deploy.0 = Release|Any CPU
		{5FB88C76-2765-4B03-A055-2AE4F547D36B}.Release|ARM.ActiveCfg = Release|Any CPU
		{5FB88C76-2765-4B03-A055-2AE4F547D36B}.Release|ARM.Build.0 = Release|Any CPU
		{5FB88C76-2765-4B03-A055-2AE4F547D36B}.Release|ARM.Deploy.0 = Release|Any CPU
		{5FB88C76-2765-4B03-A055-2AE4F547D36B}.Release|iPhone.ActiveCfg = Release|Any CPU
		{5FB88C76-2765-4B03-A055-2AE4F547D36B}.Release|iPhone.Build.0 = Release|Any CPU
		{5FB88C76-2765-4B03-A055-2AE4F547D36B}.Release|iPhone.Deploy.0 = Release|Any CPU
		{5FB88C76-2765-4B03-A055-2AE4F547D36B}.Release|iPhoneSimulator.ActiveCfg = Release|Any CPU
		{5FB88C76-2765-4B03-A055-2AE4F547D36B}.Release|iPhoneSimulator.Build.0 = Release|Any CPU
		{5FB88C76-2765-4B03-A055-2AE4F547D36B}.Release|iPhoneSimulator.Deploy.0 = Release|Any CPU
		{5FB88C76-2765-4B03-A055-2AE4F547D36B}.Release|x64.ActiveCfg = Release|Any CPU
		{5FB88C76-2765-4B03-A055-2AE4F547D36B}.Release|x64.Build.0 = Release|Any CPU
		{5FB88C76-2765-4B03-A055-2AE4F547D36B}.Release|x64.Deploy.0 = Release|Any CPU
		{5FB88C76-2765-4B03-A055-2AE4F547D36B}.Release|x86.ActiveCfg = Release|Any CPU
		{5FB88C76-2765-4B03-A055-2AE4F547D36B}.Release|x86.Build.0 = Release|Any CPU
		{5FB88C76-2765-4B03-A055-2AE4F547D36B}.Release|x86.Deploy.0 = Release|Any CPU
		{C39E04DF-2A32-4066-9CFA-5AE7D76EFB8F}.Ad-Hoc|Any CPU.ActiveCfg = Release|Any CPU
		{C39E04DF-2A32-4066-9CFA-5AE7D76EFB8F}.Ad-Hoc|Any CPU.Build.0 = Release|Any CPU
		{C39E04DF-2A32-4066-9CFA-5AE7D76EFB8F}.Ad-Hoc|ARM.ActiveCfg = Release|Any CPU
		{C39E04DF-2A32-4066-9CFA-5AE7D76EFB8F}.Ad-Hoc|ARM.Build.0 = Release|Any CPU
		{C39E04DF-2A32-4066-9CFA-5AE7D76EFB8F}.Ad-Hoc|iPhone.ActiveCfg = Release|Any CPU
		{C39E04DF-2A32-4066-9CFA-5AE7D76EFB8F}.Ad-Hoc|iPhone.Build.0 = Release|Any CPU
		{C39E04DF-2A32-4066-9CFA-5AE7D76EFB8F}.Ad-Hoc|iPhoneSimulator.ActiveCfg = Release|Any CPU
		{C39E04DF-2A32-4066-9CFA-5AE7D76EFB8F}.Ad-Hoc|iPhoneSimulator.Build.0 = Release|Any CPU
		{C39E04DF-2A32-4066-9CFA-5AE7D76EFB8F}.Ad-Hoc|x64.ActiveCfg = Release|Any CPU
		{C39E04DF-2A32-4066-9CFA-5AE7D76EFB8F}.Ad-Hoc|x64.Build.0 = Release|Any CPU
		{C39E04DF-2A32-4066-9CFA-5AE7D76EFB8F}.Ad-Hoc|x86.ActiveCfg = Release|Any CPU
		{C39E04DF-2A32-4066-9CFA-5AE7D76EFB8F}.Ad-Hoc|x86.Build.0 = Release|Any CPU
		{C39E04DF-2A32-4066-9CFA-5AE7D76EFB8F}.AppStore|Any CPU.ActiveCfg = Release|Any CPU
		{C39E04DF-2A32-4066-9CFA-5AE7D76EFB8F}.AppStore|Any CPU.Build.0 = Release|Any CPU
		{C39E04DF-2A32-4066-9CFA-5AE7D76EFB8F}.AppStore|ARM.ActiveCfg = Release|Any CPU
		{C39E04DF-2A32-4066-9CFA-5AE7D76EFB8F}.AppStore|ARM.Build.0 = Release|Any CPU
		{C39E04DF-2A32-4066-9CFA-5AE7D76EFB8F}.AppStore|iPhone.ActiveCfg = Release|Any CPU
		{C39E04DF-2A32-4066-9CFA-5AE7D76EFB8F}.AppStore|iPhone.Build.0 = Release|Any CPU
		{C39E04DF-2A32-4066-9CFA-5AE7D76EFB8F}.AppStore|iPhoneSimulator.ActiveCfg = Release|Any CPU
		{C39E04DF-2A32-4066-9CFA-5AE7D76EFB8F}.AppStore|iPhoneSimulator.Build.0 = Release|Any CPU
		{C39E04DF-2A32-4066-9CFA-5AE7D76EFB8F}.AppStore|x64.ActiveCfg = Release|Any CPU
		{C39E04DF-2A32-4066-9CFA-5AE7D76EFB8F}.AppStore|x64.Build.0 = Release|Any CPU
		{C39E04DF-2A32-4066-9CFA-5AE7D76EFB8F}.AppStore|x86.ActiveCfg = Release|Any CPU
		{C39E04DF-2A32-4066-9CFA-5AE7D76EFB8F}.AppStore|x86.Build.0 = Release|Any CPU
		{C39E04DF-2A32-4066-9CFA-5AE7D76EFB8F}.Debug|Any CPU.ActiveCfg = Debug|Any CPU
		{C39E04DF-2A32-4066-9CFA-5AE7D76EFB8F}.Debug|Any CPU.Build.0 = Debug|Any CPU
		{C39E04DF-2A32-4066-9CFA-5AE7D76EFB8F}.Debug|ARM.ActiveCfg = Debug|Any CPU
		{C39E04DF-2A32-4066-9CFA-5AE7D76EFB8F}.Debug|ARM.Build.0 = Debug|Any CPU
		{C39E04DF-2A32-4066-9CFA-5AE7D76EFB8F}.Debug|iPhone.ActiveCfg = Debug|Any CPU
		{C39E04DF-2A32-4066-9CFA-5AE7D76EFB8F}.Debug|iPhone.Build.0 = Debug|Any CPU
		{C39E04DF-2A32-4066-9CFA-5AE7D76EFB8F}.Debug|iPhoneSimulator.ActiveCfg = Debug|Any CPU
		{C39E04DF-2A32-4066-9CFA-5AE7D76EFB8F}.Debug|iPhoneSimulator.Build.0 = Debug|Any CPU
		{C39E04DF-2A32-4066-9CFA-5AE7D76EFB8F}.Debug|x64.ActiveCfg = Debug|Any CPU
		{C39E04DF-2A32-4066-9CFA-5AE7D76EFB8F}.Debug|x64.Build.0 = Debug|Any CPU
		{C39E04DF-2A32-4066-9CFA-5AE7D76EFB8F}.Debug|x86.ActiveCfg = Debug|Any CPU
		{C39E04DF-2A32-4066-9CFA-5AE7D76EFB8F}.Debug|x86.Build.0 = Debug|Any CPU
		{C39E04DF-2A32-4066-9CFA-5AE7D76EFB8F}.Release|Any CPU.ActiveCfg = Release|Any CPU
		{C39E04DF-2A32-4066-9CFA-5AE7D76EFB8F}.Release|Any CPU.Build.0 = Release|Any CPU
		{C39E04DF-2A32-4066-9CFA-5AE7D76EFB8F}.Release|ARM.ActiveCfg = Release|Any CPU
		{C39E04DF-2A32-4066-9CFA-5AE7D76EFB8F}.Release|ARM.Build.0 = Release|Any CPU
		{C39E04DF-2A32-4066-9CFA-5AE7D76EFB8F}.Release|iPhone.ActiveCfg = Release|Any CPU
		{C39E04DF-2A32-4066-9CFA-5AE7D76EFB8F}.Release|iPhone.Build.0 = Release|Any CPU
		{C39E04DF-2A32-4066-9CFA-5AE7D76EFB8F}.Release|iPhoneSimulator.ActiveCfg = Release|Any CPU
		{C39E04DF-2A32-4066-9CFA-5AE7D76EFB8F}.Release|iPhoneSimulator.Build.0 = Release|Any CPU
		{C39E04DF-2A32-4066-9CFA-5AE7D76EFB8F}.Release|x64.ActiveCfg = Release|Any CPU
		{C39E04DF-2A32-4066-9CFA-5AE7D76EFB8F}.Release|x64.Build.0 = Release|Any CPU
		{C39E04DF-2A32-4066-9CFA-5AE7D76EFB8F}.Release|x86.ActiveCfg = Release|Any CPU
		{C39E04DF-2A32-4066-9CFA-5AE7D76EFB8F}.Release|x86.Build.0 = Release|Any CPU
		{1785F9E9-7F96-43E8-AE98-BBF1C606C00B}.Ad-Hoc|Any CPU.ActiveCfg = Release|x86
		{1785F9E9-7F96-43E8-AE98-BBF1C606C00B}.Ad-Hoc|Any CPU.Build.0 = Release|x86
		{1785F9E9-7F96-43E8-AE98-BBF1C606C00B}.Ad-Hoc|Any CPU.Deploy.0 = Release|x86
		{1785F9E9-7F96-43E8-AE98-BBF1C606C00B}.Ad-Hoc|ARM.ActiveCfg = Release|ARM
		{1785F9E9-7F96-43E8-AE98-BBF1C606C00B}.Ad-Hoc|ARM.Build.0 = Release|ARM
		{1785F9E9-7F96-43E8-AE98-BBF1C606C00B}.Ad-Hoc|ARM.Deploy.0 = Release|ARM
		{1785F9E9-7F96-43E8-AE98-BBF1C606C00B}.Ad-Hoc|iPhone.ActiveCfg = Release|x86
		{1785F9E9-7F96-43E8-AE98-BBF1C606C00B}.Ad-Hoc|iPhone.Build.0 = Release|x86
		{1785F9E9-7F96-43E8-AE98-BBF1C606C00B}.Ad-Hoc|iPhone.Deploy.0 = Release|x86
		{1785F9E9-7F96-43E8-AE98-BBF1C606C00B}.Ad-Hoc|iPhoneSimulator.ActiveCfg = Release|x86
		{1785F9E9-7F96-43E8-AE98-BBF1C606C00B}.Ad-Hoc|iPhoneSimulator.Build.0 = Release|x86
		{1785F9E9-7F96-43E8-AE98-BBF1C606C00B}.Ad-Hoc|iPhoneSimulator.Deploy.0 = Release|x86
		{1785F9E9-7F96-43E8-AE98-BBF1C606C00B}.Ad-Hoc|x64.ActiveCfg = Release|x64
		{1785F9E9-7F96-43E8-AE98-BBF1C606C00B}.Ad-Hoc|x64.Build.0 = Release|x64
		{1785F9E9-7F96-43E8-AE98-BBF1C606C00B}.Ad-Hoc|x64.Deploy.0 = Release|x64
		{1785F9E9-7F96-43E8-AE98-BBF1C606C00B}.Ad-Hoc|x86.ActiveCfg = Release|x86
		{1785F9E9-7F96-43E8-AE98-BBF1C606C00B}.Ad-Hoc|x86.Build.0 = Release|x86
		{1785F9E9-7F96-43E8-AE98-BBF1C606C00B}.Ad-Hoc|x86.Deploy.0 = Release|x86
		{1785F9E9-7F96-43E8-AE98-BBF1C606C00B}.AppStore|Any CPU.ActiveCfg = Release|x86
		{1785F9E9-7F96-43E8-AE98-BBF1C606C00B}.AppStore|Any CPU.Build.0 = Release|x86
		{1785F9E9-7F96-43E8-AE98-BBF1C606C00B}.AppStore|Any CPU.Deploy.0 = Release|x86
		{1785F9E9-7F96-43E8-AE98-BBF1C606C00B}.AppStore|ARM.ActiveCfg = Release|ARM
		{1785F9E9-7F96-43E8-AE98-BBF1C606C00B}.AppStore|ARM.Build.0 = Release|ARM
		{1785F9E9-7F96-43E8-AE98-BBF1C606C00B}.AppStore|ARM.Deploy.0 = Release|ARM
		{1785F9E9-7F96-43E8-AE98-BBF1C606C00B}.AppStore|iPhone.ActiveCfg = Release|x86
		{1785F9E9-7F96-43E8-AE98-BBF1C606C00B}.AppStore|iPhone.Build.0 = Release|x86
		{1785F9E9-7F96-43E8-AE98-BBF1C606C00B}.AppStore|iPhone.Deploy.0 = Release|x86
		{1785F9E9-7F96-43E8-AE98-BBF1C606C00B}.AppStore|iPhoneSimulator.ActiveCfg = Release|x86
		{1785F9E9-7F96-43E8-AE98-BBF1C606C00B}.AppStore|iPhoneSimulator.Build.0 = Release|x86
		{1785F9E9-7F96-43E8-AE98-BBF1C606C00B}.AppStore|iPhoneSimulator.Deploy.0 = Release|x86
		{1785F9E9-7F96-43E8-AE98-BBF1C606C00B}.AppStore|x64.ActiveCfg = Release|x64
		{1785F9E9-7F96-43E8-AE98-BBF1C606C00B}.AppStore|x64.Build.0 = Release|x64
		{1785F9E9-7F96-43E8-AE98-BBF1C606C00B}.AppStore|x64.Deploy.0 = Release|x64
		{1785F9E9-7F96-43E8-AE98-BBF1C606C00B}.AppStore|x86.ActiveCfg = Release|x86
		{1785F9E9-7F96-43E8-AE98-BBF1C606C00B}.AppStore|x86.Build.0 = Release|x86
		{1785F9E9-7F96-43E8-AE98-BBF1C606C00B}.AppStore|x86.Deploy.0 = Release|x86
		{1785F9E9-7F96-43E8-AE98-BBF1C606C00B}.Debug|Any CPU.ActiveCfg = Debug|x86
		{1785F9E9-7F96-43E8-AE98-BBF1C606C00B}.Debug|ARM.ActiveCfg = Debug|ARM
		{1785F9E9-7F96-43E8-AE98-BBF1C606C00B}.Debug|ARM.Build.0 = Debug|ARM
		{1785F9E9-7F96-43E8-AE98-BBF1C606C00B}.Debug|ARM.Deploy.0 = Debug|ARM
		{1785F9E9-7F96-43E8-AE98-BBF1C606C00B}.Debug|iPhone.ActiveCfg = Debug|x86
		{1785F9E9-7F96-43E8-AE98-BBF1C606C00B}.Debug|iPhoneSimulator.ActiveCfg = Debug|x86
		{1785F9E9-7F96-43E8-AE98-BBF1C606C00B}.Debug|x64.ActiveCfg = Debug|x64
		{1785F9E9-7F96-43E8-AE98-BBF1C606C00B}.Debug|x64.Build.0 = Debug|x64
		{1785F9E9-7F96-43E8-AE98-BBF1C606C00B}.Debug|x64.Deploy.0 = Debug|x64
		{1785F9E9-7F96-43E8-AE98-BBF1C606C00B}.Debug|x86.ActiveCfg = Debug|x86
		{1785F9E9-7F96-43E8-AE98-BBF1C606C00B}.Debug|x86.Build.0 = Debug|x86
		{1785F9E9-7F96-43E8-AE98-BBF1C606C00B}.Debug|x86.Deploy.0 = Debug|x86
		{1785F9E9-7F96-43E8-AE98-BBF1C606C00B}.Release|Any CPU.ActiveCfg = Release|x86
		{1785F9E9-7F96-43E8-AE98-BBF1C606C00B}.Release|ARM.ActiveCfg = Release|ARM
		{1785F9E9-7F96-43E8-AE98-BBF1C606C00B}.Release|ARM.Build.0 = Release|ARM
		{1785F9E9-7F96-43E8-AE98-BBF1C606C00B}.Release|ARM.Deploy.0 = Release|ARM
		{1785F9E9-7F96-43E8-AE98-BBF1C606C00B}.Release|iPhone.ActiveCfg = Release|x86
		{1785F9E9-7F96-43E8-AE98-BBF1C606C00B}.Release|iPhoneSimulator.ActiveCfg = Release|x86
		{1785F9E9-7F96-43E8-AE98-BBF1C606C00B}.Release|x64.ActiveCfg = Release|x64
		{1785F9E9-7F96-43E8-AE98-BBF1C606C00B}.Release|x64.Build.0 = Release|x64
		{1785F9E9-7F96-43E8-AE98-BBF1C606C00B}.Release|x64.Deploy.0 = Release|x64
		{1785F9E9-7F96-43E8-AE98-BBF1C606C00B}.Release|x86.ActiveCfg = Release|x86
		{1785F9E9-7F96-43E8-AE98-BBF1C606C00B}.Release|x86.Build.0 = Release|x86
		{1785F9E9-7F96-43E8-AE98-BBF1C606C00B}.Release|x86.Deploy.0 = Release|x86
		{3F2F3597-EBFB-44F4-A099-BE9C30544A9B}.Ad-Hoc|Any CPU.ActiveCfg = Ad-Hoc|iPhoneSimulator
		{3F2F3597-EBFB-44F4-A099-BE9C30544A9B}.Ad-Hoc|ARM.ActiveCfg = Ad-Hoc|iPhone
		{3F2F3597-EBFB-44F4-A099-BE9C30544A9B}.Ad-Hoc|iPhone.ActiveCfg = Ad-Hoc|iPhone
		{3F2F3597-EBFB-44F4-A099-BE9C30544A9B}.Ad-Hoc|iPhone.Build.0 = Ad-Hoc|iPhone
		{3F2F3597-EBFB-44F4-A099-BE9C30544A9B}.Ad-Hoc|iPhoneSimulator.ActiveCfg = Ad-Hoc|iPhoneSimulator
		{3F2F3597-EBFB-44F4-A099-BE9C30544A9B}.Ad-Hoc|iPhoneSimulator.Build.0 = Ad-Hoc|iPhoneSimulator
		{3F2F3597-EBFB-44F4-A099-BE9C30544A9B}.Ad-Hoc|x64.ActiveCfg = Ad-Hoc|iPhone
		{3F2F3597-EBFB-44F4-A099-BE9C30544A9B}.Ad-Hoc|x86.ActiveCfg = Ad-Hoc|iPhone
		{3F2F3597-EBFB-44F4-A099-BE9C30544A9B}.AppStore|Any CPU.ActiveCfg = AppStore|iPhoneSimulator
		{3F2F3597-EBFB-44F4-A099-BE9C30544A9B}.AppStore|ARM.ActiveCfg = AppStore|iPhone
		{3F2F3597-EBFB-44F4-A099-BE9C30544A9B}.AppStore|iPhone.ActiveCfg = AppStore|iPhone
		{3F2F3597-EBFB-44F4-A099-BE9C30544A9B}.AppStore|iPhone.Build.0 = AppStore|iPhone
		{3F2F3597-EBFB-44F4-A099-BE9C30544A9B}.AppStore|iPhoneSimulator.ActiveCfg = AppStore|iPhoneSimulator
		{3F2F3597-EBFB-44F4-A099-BE9C30544A9B}.AppStore|iPhoneSimulator.Build.0 = AppStore|iPhoneSimulator
		{3F2F3597-EBFB-44F4-A099-BE9C30544A9B}.AppStore|x64.ActiveCfg = AppStore|iPhone
		{3F2F3597-EBFB-44F4-A099-BE9C30544A9B}.AppStore|x86.ActiveCfg = AppStore|iPhone
		{3F2F3597-EBFB-44F4-A099-BE9C30544A9B}.Debug|Any CPU.ActiveCfg = Debug|iPhoneSimulator
		{3F2F3597-EBFB-44F4-A099-BE9C30544A9B}.Debug|Any CPU.Build.0 = Debug|iPhoneSimulator
		{3F2F3597-EBFB-44F4-A099-BE9C30544A9B}.Debug|ARM.ActiveCfg = Debug|iPhone
		{3F2F3597-EBFB-44F4-A099-BE9C30544A9B}.Debug|iPhone.ActiveCfg = Debug|iPhone
		{3F2F3597-EBFB-44F4-A099-BE9C30544A9B}.Debug|iPhone.Build.0 = Debug|iPhone
		{3F2F3597-EBFB-44F4-A099-BE9C30544A9B}.Debug|iPhoneSimulator.ActiveCfg = Debug|iPhoneSimulator
		{3F2F3597-EBFB-44F4-A099-BE9C30544A9B}.Debug|iPhoneSimulator.Build.0 = Debug|iPhoneSimulator
		{3F2F3597-EBFB-44F4-A099-BE9C30544A9B}.Debug|x64.ActiveCfg = Debug|iPhone
		{3F2F3597-EBFB-44F4-A099-BE9C30544A9B}.Debug|x86.ActiveCfg = Debug|iPhone
		{3F2F3597-EBFB-44F4-A099-BE9C30544A9B}.Release|Any CPU.ActiveCfg = Release|iPhoneSimulator
		{3F2F3597-EBFB-44F4-A099-BE9C30544A9B}.Release|ARM.ActiveCfg = Release|iPhone
		{3F2F3597-EBFB-44F4-A099-BE9C30544A9B}.Release|iPhone.ActiveCfg = Release|iPhone
		{3F2F3597-EBFB-44F4-A099-BE9C30544A9B}.Release|iPhone.Build.0 = Release|iPhone
		{3F2F3597-EBFB-44F4-A099-BE9C30544A9B}.Release|iPhoneSimulator.ActiveCfg = Release|iPhoneSimulator
		{3F2F3597-EBFB-44F4-A099-BE9C30544A9B}.Release|iPhoneSimulator.Build.0 = Release|iPhoneSimulator
		{3F2F3597-EBFB-44F4-A099-BE9C30544A9B}.Release|x64.ActiveCfg = Release|iPhone
		{3F2F3597-EBFB-44F4-A099-BE9C30544A9B}.Release|x86.ActiveCfg = Release|iPhone
	EndGlobalSection
	GlobalSection(SolutionProperties) = preSolution
		HideSolutionNode = FALSE
	EndGlobalSection
	GlobalSection(ExtensibilityGlobals) = postSolution
		SolutionGuid = {734AB65A-8C69-48F8-8829-5237B7BE120C}
	EndGlobalSection
EndGlobal
